// !$*UTF8*$!
{
	archiveVersion = 1;
	classes = {
	};
	objectVersion = 55;
	objects = {

/* Begin PBXBuildFile section */
		762CC8B22735852F00D04106 /* Assets.xcassets in Resources */ = {isa = PBXBuildFile; fileRef = 762CC8B12735852F00D04106 /* Assets.xcassets */; };
		76675F7A2728069100980036 /* CardModel.swift in Sources */ = {isa = PBXBuildFile; fileRef = 76675F792728069100980036 /* CardModel.swift */; };
		76675F7C272808BD00980036 /* Card.swift in Sources */ = {isa = PBXBuildFile; fileRef = 76675F7B272808BD00980036 /* Card.swift */; };
		769D8ADF2727F29E009365D9 /* AppDelegate.swift in Sources */ = {isa = PBXBuildFile; fileRef = 769D8ADE2727F29E009365D9 /* AppDelegate.swift */; };
		769D8AE12727F29E009365D9 /* SceneDelegate.swift in Sources */ = {isa = PBXBuildFile; fileRef = 769D8AE02727F29E009365D9 /* SceneDelegate.swift */; };
		769D8AE32727F29E009365D9 /* ViewController.swift in Sources */ = {isa = PBXBuildFile; fileRef = 769D8AE22727F29E009365D9 /* ViewController.swift */; };
		769D8AE62727F29E009365D9 /* Main.storyboard in Resources */ = {isa = PBXBuildFile; fileRef = 769D8AE42727F29E009365D9 /* Main.storyboard */; };
		769D8AE92727F29E009365D9 /* HW___6_Memory_game.xcdatamodeld in Sources */ = {isa = PBXBuildFile; fileRef = 769D8AE72727F29E009365D9 /* HW___6_Memory_game.xcdatamodeld */; };
		769D8AEE2727F2A2009365D9 /* LaunchScreen.storyboard in Resources */ = {isa = PBXBuildFile; fileRef = 769D8AEC2727F2A2009365D9 /* LaunchScreen.storyboard */; };
		769D8AF62727F8CF009365D9 /* CardCell.swift in Sources */ = {isa = PBXBuildFile; fileRef = 769D8AF52727F8CF009365D9 /* CardCell.swift */; };
/* End PBXBuildFile section */

/* Begin PBXFileReference section */
		762CC8B12735852F00D04106 /* Assets.xcassets */ = {isa = PBXFileReference; lastKnownFileType = folder.assetcatalog; name = Assets.xcassets; path = "../../../trash/HW-6-Memory-Game-new/HW-6-Memory-Game-new/Assets.xcassets"; sourceTree = "<group>"; };
		76675F792728069100980036 /* CardModel.swift */ = {isa = PBXFileReference; lastKnownFileType = sourcecode.swift; path = CardModel.swift; sourceTree = "<group>"; };
		76675F7B272808BD00980036 /* Card.swift */ = {isa = PBXFileReference; lastKnownFileType = sourcecode.swift; path = Card.swift; sourceTree = "<group>"; };
		769D8ADB2727F29E009365D9 /* HW - 6 Memory game.app */ = {isa = PBXFileReference; explicitFileType = wrapper.application; includeInIndex = 0; path = "HW - 6 Memory game.app"; sourceTree = BUILT_PRODUCTS_DIR; };
		769D8ADE2727F29E009365D9 /* AppDelegate.swift */ = {isa = PBXFileReference; lastKnownFileType = sourcecode.swift; path = AppDelegate.swift; sourceTree = "<group>"; };
		769D8AE02727F29E009365D9 /* SceneDelegate.swift */ = {isa = PBXFileReference; lastKnownFileType = sourcecode.swift; path = SceneDelegate.swift; sourceTree = "<group>"; };
		769D8AE22727F29E009365D9 /* ViewController.swift */ = {isa = PBXFileReference; lastKnownFileType = sourcecode.swift; path = ViewController.swift; sourceTree = "<group>"; };
		769D8AE52727F29E009365D9 /* Base */ = {isa = PBXFileReference; lastKnownFileType = file.storyboard; name = Base; path = Base.lproj/Main.storyboard; sourceTree = "<group>"; };
		769D8AE82727F29E009365D9 /* HW___6_Memory_game.xcdatamodel */ = {isa = PBXFileReference; lastKnownFileType = wrapper.xcdatamodel; path = "HW___6_Memory_game.xcdatamodel"; sourceTree = "<group>"; };
		769D8AED2727F2A2009365D9 /* Base */ = {isa = PBXFileReference; lastKnownFileType = file.storyboard; name = Base; path = Base.lproj/LaunchScreen.storyboard; sourceTree = "<group>"; };
		769D8AEF2727F2A2009365D9 /* Info.plist */ = {isa = PBXFileReference; lastKnownFileType = text.plist.xml; path = Info.plist; sourceTree = "<group>"; };
		769D8AF52727F8CF009365D9 /* CardCell.swift */ = {isa = PBXFileReference; lastKnownFileType = sourcecode.swift; path = CardCell.swift; sourceTree = "<group>"; };
/* End PBXFileReference section */

/* Begin PBXFrameworksBuildPhase section */
		769D8AD82727F29E009365D9 /* Frameworks */ = {
			isa = PBXFrameworksBuildPhase;
			buildActionMask = 2147483647;
			files = (
			);
			runOnlyForDeploymentPostprocessing = 0;
		};
/* End PBXFrameworksBuildPhase section */

/* Begin PBXGroup section */
		769D8AD22727F29E009365D9 = {
			isa = PBXGroup;
			children = (
				769D8ADD2727F29E009365D9 /* HW - 6 Memory game */,
				769D8ADC2727F29E009365D9 /* Products */,
			);
			sourceTree = "<group>";
		};
		769D8ADC2727F29E009365D9 /* Products */ = {
			isa = PBXGroup;
			children = (
				769D8ADB2727F29E009365D9 /* HW - 6 Memory game.app */,
			);
			name = Products;
			sourceTree = "<group>";
		};
		769D8ADD2727F29E009365D9 /* HW - 6 Memory game */ = {
			isa = PBXGroup;
			children = (
				769D8ADE2727F29E009365D9 /* AppDelegate.swift */,
				769D8AE02727F29E009365D9 /* SceneDelegate.swift */,
				769D8AE22727F29E009365D9 /* ViewController.swift */,
				76675F792728069100980036 /* CardModel.swift */,
				76675F7B272808BD00980036 /* Card.swift */,
				769D8AF52727F8CF009365D9 /* CardCell.swift */,
				769D8AE42727F29E009365D9 /* Main.storyboard */,
				769D8AEC2727F2A2009365D9 /* LaunchScreen.storyboard */,
				769D8AEF2727F2A2009365D9 /* Info.plist */,
				769D8AE72727F29E009365D9 /* HW___6_Memory_game.xcdatamodeld */,
				762CC8B12735852F00D04106 /* Assets.xcassets */,
			);
			path = "HW - 6 Memory game";
			sourceTree = "<group>";
		};
/* End PBXGroup section */

/* Begin PBXNativeTarget section */
		769D8ADA2727F29E009365D9 /* HW - 6 Memory game */ = {
			isa = PBXNativeTarget;
			buildConfigurationList = 769D8AF22727F2A2009365D9 /* Build configuration list for PBXNativeTarget "HW - 6 Memory game" */;
			buildPhases = (
				769D8AD72727F29E009365D9 /* Sources */,
				769D8AD82727F29E009365D9 /* Frameworks */,
				769D8AD92727F29E009365D9 /* Resources */,
			);
			buildRules = (
			);
			dependencies = (
			);
			name = "HW - 6 Memory game";
			productName = "HW - 6 Memory game";
			productReference = 769D8ADB2727F29E009365D9 /* HW - 6 Memory game.app */;
			productType = "com.apple.product-type.application";
		};
/* End PBXNativeTarget section */

/* Begin PBXProject section */
		769D8AD32727F29E009365D9 /* Project object */ = {
			isa = PBXProject;
			attributes = {
				BuildIndependentTargetsInParallel = 1;
				LastSwiftUpdateCheck = 1300;
				LastUpgradeCheck = 1300;
				TargetAttributes = {
					769D8ADA2727F29E009365D9 = {
						CreatedOnToolsVersion = 13.0;
					};
				};
			};
			buildConfigurationList = 769D8AD62727F29E009365D9 /* Build configuration list for PBXProject "HW - 6 Memory game" */;
			compatibilityVersion = "Xcode 13.0";
			developmentRegion = en;
			hasScannedForEncodings = 0;
			knownRegions = (
				en,
				Base,
			);
			mainGroup = 769D8AD22727F29E009365D9;
			productRefGroup = 769D8ADC2727F29E009365D9 /* Products */;
			projectDirPath = "";
			projectRoot = "";
			targets = (
				769D8ADA2727F29E009365D9 /* HW - 6 Memory game */,
			);
		};
/* End PBXProject section */

/* Begin PBXResourcesBuildPhase section */
		769D8AD92727F29E009365D9 /* Resources */ = {
			isa = PBXResourcesBuildPhase;
			buildActionMask = 2147483647;
			files = (
				769D8AEE2727F2A2009365D9 /* LaunchScreen.storyboard in Resources */,
				762CC8B22735852F00D04106 /* Assets.xcassets in Resources */,
				769D8AE62727F29E009365D9 /* Main.storyboard in Resources */,
			);
			runOnlyForDeploymentPostprocessing = 0;
		};
/* End PBXResourcesBuildPhase section */

/* Begin PBXSourcesBuildPhase section */
		769D8AD72727F29E009365D9 /* Sources */ = {
			isa = PBXSourcesBuildPhase;
			buildActionMask = 2147483647;
			files = (
				769D8AF62727F8CF009365D9 /* CardCell.swift in Sources */,
				769D8AE32727F29E009365D9 /* ViewController.swift in Sources */,
				76675F7C272808BD00980036 /* Card.swift in Sources */,
				769D8ADF2727F29E009365D9 /* AppDelegate.swift in Sources */,
				769D8AE92727F29E009365D9 /* HW___6_Memory_game.xcdatamodeld in Sources */,
				769D8AE12727F29E009365D9 /* SceneDelegate.swift in Sources */,
				76675F7A2728069100980036 /* CardModel.swift in Sources */,
			);
			runOnlyForDeploymentPostprocessing = 0;
		};
/* End PBXSourcesBuildPhase section */

/* Begin PBXVariantGroup section */
		769D8AE42727F29E009365D9 /* Main.storyboard */ = {
			isa = PBXVariantGroup;
			children = (
				769D8AE52727F29E009365D9 /* Base */,
			);
			name = Main.storyboard;
			sourceTree = "<group>";
		};
		769D8AEC2727F2A2009365D9 /* LaunchScreen.storyboard */ = {
			isa = PBXVariantGroup;
			children = (
				769D8AED2727F2A2009365D9 /* Base */,
			);
			name = LaunchScreen.storyboard;
			sourceTree = "<group>";
		};
/* End PBXVariantGroup section */

/* Begin XCBuildConfiguration section */
		769D8AF02727F2A2009365D9 /* Debug */ = {
			isa = XCBuildConfiguration;
			buildSettings = {
				ALWAYS_SEARCH_USER_PATHS = NO;
				CLANG_ANALYZER_NONNULL = YES;
				CLANG_ANALYZER_NUMBER_OBJECT_CONVERSION = YES_AGGRESSIVE;
				CLANG_CXX_LANGUAGE_STANDARD = "gnu++17";
				CLANG_CXX_LIBRARY = "libc++";
				CLANG_ENABLE_MODULES = YES;
				CLANG_ENABLE_OBJC_ARC = YES;
				CLANG_ENABLE_OBJC_WEAK = YES;
				CLANG_WARN_BLOCK_CAPTURE_AUTORELEASING = YES;
				CLANG_WARN_BOOL_CONVERSION = YES;
				CLANG_WARN_COMMA = YES;
				CLANG_WARN_CONSTANT_CONVERSION = YES;
				CLANG_WARN_DEPRECATED_OBJC_IMPLEMENTATIONS = YES;
				CLANG_WARN_DIRECT_OBJC_ISA_USAGE = YES_ERROR;
				CLANG_WARN_DOCUMENTATION_COMMENTS = YES;
				CLANG_WARN_EMPTY_BODY = YES;
				CLANG_WARN_ENUM_CONVERSION = YES;
				CLANG_WARN_INFINITE_RECURSION = YES;
				CLANG_WARN_INT_CONVERSION = YES;
				CLANG_WARN_NON_LITERAL_NULL_CONVERSION = YES;
				CLANG_WARN_OBJC_IMPLICIT_RETAIN_SELF = YES;
				CLANG_WARN_OBJC_LITERAL_CONVERSION = YES;
				CLANG_WARN_OBJC_ROOT_CLASS = YES_ERROR;
				CLANG_WARN_QUOTED_INCLUDE_IN_FRAMEWORK_HEADER = YES;
				CLANG_WARN_RANGE_LOOP_ANALYSIS = YES;
				CLANG_WARN_STRICT_PROTOTYPES = YES;
				CLANG_WARN_SUSPICIOUS_MOVE = YES;
				CLANG_WARN_UNGUARDED_AVAILABILITY = YES_AGGRESSIVE;
				CLANG_WARN_UNREACHABLE_CODE = YES;
				CLANG_WARN__DUPLICATE_METHOD_MATCH = YES;
				COPY_PHASE_STRIP = NO;
				DEBUG_INFORMATION_FORMAT = dwarf;
				ENABLE_STRICT_OBJC_MSGSEND = YES;
				ENABLE_TESTABILITY = YES;
				GCC_C_LANGUAGE_STANDARD = gnu11;
				GCC_DYNAMIC_NO_PIC = NO;
				GCC_NO_COMMON_BLOCKS = YES;
				GCC_OPTIMIZATION_LEVEL = 0;
				GCC_PREPROCESSOR_DEFINITIONS = (
					"DEBUG=1",
					"$(inherited)",
				);
				GCC_WARN_64_TO_32_BIT_CONVERSION = YES;
				GCC_WARN_ABOUT_RETURN_TYPE = YES_ERROR;
				GCC_WARN_UNDECLARED_SELECTOR = YES;
				GCC_WARN_UNINITIALIZED_AUTOS = YES_AGGRESSIVE;
				GCC_WARN_UNUSED_FUNCTION = YES;
				GCC_WARN_UNUSED_VARIABLE = YES;
				IPHONEOS_DEPLOYMENT_TARGET = 15.0;
				MTL_ENABLE_DEBUG_INFO = INCLUDE_SOURCE;
				MTL_FAST_MATH = YES;
				ONLY_ACTIVE_ARCH = YES;
				SDKROOT = iphoneos;
				SWIFT_ACTIVE_COMPILATION_CONDITIONS = DEBUG;
				SWIFT_OPTIMIZATION_LEVEL = "-Onone";
			};
			name = Debug;
		};
		769D8AF12727F2A2009365D9 /* Release */ = {
			isa = XCBuildConfiguration;
			buildSettings = {
				ALWAYS_SEARCH_USER_PATHS = NO;
				CLANG_ANALYZER_NONNULL = YES;
				CLANG_ANALYZER_NUMBER_OBJECT_CONVERSION = YES_AGGRESSIVE;
				CLANG_CXX_LANGUAGE_STANDARD = "gnu++17";
				CLANG_CXX_LIBRARY = "libc++";
				CLANG_ENABLE_MODULES = YES;
				CLANG_ENABLE_OBJC_ARC = YES;
				CLANG_ENABLE_OBJC_WEAK = YES;
				CLANG_WARN_BLOCK_CAPTURE_AUTORELEASING = YES;
				CLANG_WARN_BOOL_CONVERSION = YES;
				CLANG_WARN_COMMA = YES;
				CLANG_WARN_CONSTANT_CONVERSION = YES;
				CLANG_WARN_DEPRECATED_OBJC_IMPLEMENTATIONS = YES;
				CLANG_WARN_DIRECT_OBJC_ISA_USAGE = YES_ERROR;
				CLANG_WARN_DOCUMENTATION_COMMENTS = YES;
				CLANG_WARN_EMPTY_BODY = YES;
				CLANG_WARN_ENUM_CONVERSION = YES;
				CLANG_WARN_INFINITE_RECURSION = YES;
				CLANG_WARN_INT_CONVERSION = YES;
				CLANG_WARN_NON_LITERAL_NULL_CONVERSION = YES;
				CLANG_WARN_OBJC_IMPLICIT_RETAIN_SELF = YES;
				CLANG_WARN_OBJC_LITERAL_CONVERSION = YES;
				CLANG_WARN_OBJC_ROOT_CLASS = YES_ERROR;
				CLANG_WARN_QUOTED_INCLUDE_IN_FRAMEWORK_HEADER = YES;
				CLANG_WARN_RANGE_LOOP_ANALYSIS = YES;
				CLANG_WARN_STRICT_PROTOTYPES = YES;
				CLANG_WARN_SUSPICIOUS_MOVE = YES;
				CLANG_WARN_UNGUARDED_AVAILABILITY = YES_AGGRESSIVE;
				CLANG_WARN_UNREACHABLE_CODE = YES;
				CLANG_WARN__DUPLICATE_METHOD_MATCH = YES;
				COPY_PHASE_STRIP = NO;
				DEBUG_INFORMATION_FORMAT = "dwarf-with-dsym";
				ENABLE_NS_ASSERTIONS = NO;
				ENABLE_STRICT_OBJC_MSGSEND = YES;
				GCC_C_LANGUAGE_STANDARD = gnu11;
				GCC_NO_COMMON_BLOCKS = YES;
				GCC_WARN_64_TO_32_BIT_CONVERSION = YES;
				GCC_WARN_ABOUT_RETURN_TYPE = YES_ERROR;
				GCC_WARN_UNDECLARED_SELECTOR = YES;
				GCC_WARN_UNINITIALIZED_AUTOS = YES_AGGRESSIVE;
				GCC_WARN_UNUSED_FUNCTION = YES;
				GCC_WARN_UNUSED_VARIABLE = YES;
				IPHONEOS_DEPLOYMENT_TARGET = 15.0;
				MTL_ENABLE_DEBUG_INFO = NO;
				MTL_FAST_MATH = YES;
				SDKROOT = iphoneos;
				SWIFT_COMPILATION_MODE = wholemodule;
				SWIFT_OPTIMIZATION_LEVEL = "-O";
				VALIDATE_PRODUCT = YES;
			};
			name = Release;
		};
		769D8AF32727F2A2009365D9 /* Debug */ = {
			isa = XCBuildConfiguration;
			buildSettings = {
				ASSETCATALOG_COMPILER_APPICON_NAME = AppIcon;
				ASSETCATALOG_COMPILER_GLOBAL_ACCENT_COLOR_NAME = AccentColor;
				CODE_SIGN_STYLE = Automatic;
				CURRENT_PROJECT_VERSION = 1;
				DEVELOPMENT_TEAM = 3NHV6JK8J3;
				GENERATE_INFOPLIST_FILE = YES;
				INFOPLIST_FILE = "HW - 6 Memory game/Info.plist";
				INFOPLIST_KEY_UIApplicationSupportsIndirectInputEvents = YES;
				INFOPLIST_KEY_UILaunchStoryboardName = LaunchScreen;
				INFOPLIST_KEY_UIMainStoryboardFile = Main;
				INFOPLIST_KEY_UISupportedInterfaceOrientations_iPad = "UIInterfaceOrientationPortrait UIInterfaceOrientationPortraitUpsideDown UIInterfaceOrientationLandscapeLeft UIInterfaceOrientationLandscapeRight";
				INFOPLIST_KEY_UISupportedInterfaceOrientations_iPhone = "UIInterfaceOrientationPortrait UIInterfaceOrientationLandscapeLeft UIInterfaceOrientationLandscapeRight";
				LD_RUNPATH_SEARCH_PATHS = (
					"$(inherited)",
					"@executable_path/Frameworks",
				);
				MARKETING_VERSION = 1.0;
				PRODUCT_BUNDLE_IDENTIFIER = "Iryna-Mishyna.HW---6-Memory-game";
				PRODUCT_NAME = "$(TARGET_NAME)";
				SWIFT_EMIT_LOC_STRINGS = YES;
				SWIFT_VERSION = 5.0;
				TARGETED_DEVICE_FAMILY = "1,2";
			};
			name = Debug;
		};
		769D8AF42727F2A2009365D9 /* Release */ = {
			isa = XCBuildConfiguration;
			buildSettings = {
				ASSETCATALOG_COMPILER_APPICON_NAME = AppIcon;
				ASSETCATALOG_COMPILER_GLOBAL_ACCENT_COLOR_NAME = AccentColor;
				CODE_SIGN_STYLE = Automatic;
				CURRENT_PROJECT_VERSION = 1;
				DEVELOPMENT_TEAM = 3NHV6JK8J3;
				GENERATE_INFOPLIST_FILE = YES;
				INFOPLIST_FILE = "HW - 6 Memory game/Info.plist";
				INFOPLIST_KEY_UIApplicationSupportsIndirectInputEvents = YES;
				INFOPLIST_KEY_UILaunchStoryboardName = LaunchScreen;
				INFOPLIST_KEY_UIMainStoryboardFile = Main;
				INFOPLIST_KEY_UISupportedInterfaceOrientations_iPad = "UIInterfaceOrientationPortrait UIInterfaceOrientationPortraitUpsideDown UIInterfaceOrientationLandscapeLeft UIInterfaceOrientationLandscapeRight";
				INFOPLIST_KEY_UISupportedInterfaceOrientations_iPhone = "UIInterfaceOrientationPortrait UIInterfaceOrientationLandscapeLeft UIInterfaceOrientationLandscapeRight";
				LD_RUNPATH_SEARCH_PATHS = (
					"$(inherited)",
					"@executable_path/Frameworks",
				);
				MARKETING_VERSION = 1.0;
				PRODUCT_BUNDLE_IDENTIFIER = "Iryna-Mishyna.HW---6-Memory-game";
				PRODUCT_NAME = "$(TARGET_NAME)";
				SWIFT_EMIT_LOC_STRINGS = YES;
				SWIFT_VERSION = 5.0;
				TARGETED_DEVICE_FAMILY = "1,2";
			};
			name = Release;
		};
/* End XCBuildConfiguration section */

/* Begin XCConfigurationList section */
		769D8AD62727F29E009365D9 /* Build configuration list for PBXProject "HW - 6 Memory game" */ = {
			isa = XCConfigurationList;
			buildConfigurations = (
				769D8AF02727F2A2009365D9 /* Debug */,
				769D8AF12727F2A2009365D9 /* Release */,
			);
			defaultConfigurationIsVisible = 0;
			defaultConfigurationName = Release;
		};
		769D8AF22727F2A2009365D9 /* Build configuration list for PBXNativeTarget "HW - 6 Memory game" */ = {
			isa = XCConfigurationList;
			buildConfigurations = (
				769D8AF32727F2A2009365D9 /* Debug */,
				769D8AF42727F2A2009365D9 /* Release */,
			);
			defaultConfigurationIsVisible = 0;
			defaultConfigurationName = Release;
		};
/* End XCConfigurationList section */

/* Begin XCVersionGroup section */
		769D8AE72727F29E009365D9 /* HW___6_Memory_game.xcdatamodeld */ = {
			isa = XCVersionGroup;
			children = (
				769D8AE82727F29E009365D9 /* HW___6_Memory_game.xcdatamodel */,
			);
			currentVersion = 769D8AE82727F29E009365D9 /* HW___6_Memory_game.xcdatamodel */;
			path = "HW___6_Memory_game.xcdatamodeld";
			sourceTree = "<group>";
			versionGroupType = wrapper.xcdatamodel;
		};
/* End XCVersionGroup section */
	};
	rootObject = 769D8AD32727F29E009365D9 /* Project object */;
}
