// !$*UTF8*$!
{
	archiveVersion = 1;
	classes = {
	};
	objectVersion = 55;
	objects = {

/* Begin PBXBuildFile section */
		76C6AF842707208700B5C1C1 /* AppDelegate.swift in Sources */ = {isa = PBXBuildFile; fileRef = 76C6AF832707208700B5C1C1 /* AppDelegate.swift */; };
		76C6AF862707208700B5C1C1 /* SceneDelegate.swift in Sources */ = {isa = PBXBuildFile; fileRef = 76C6AF852707208700B5C1C1 /* SceneDelegate.swift */; };
		76C6AF882707208700B5C1C1 /* ViewController.swift in Sources */ = {isa = PBXBuildFile; fileRef = 76C6AF872707208700B5C1C1 /* ViewController.swift */; };
		76C6AF8B2707208700B5C1C1 /* Main.storyboard in Resources */ = {isa = PBXBuildFile; fileRef = 76C6AF892707208700B5C1C1 /* Main.storyboard */; };
		76C6AF8E2707208700B5C1C1 /* HW4_Calculator.xcdatamodeld in Sources */ = {isa = PBXBuildFile; fileRef = 76C6AF8C2707208700B5C1C1 /* HW4_Calculator.xcdatamodeld */; };
		76C6AF902707208A00B5C1C1 /* Assets.xcassets in Resources */ = {isa = PBXBuildFile; fileRef = 76C6AF8F2707208A00B5C1C1 /* Assets.xcassets */; };
		76C6AF932707208A00B5C1C1 /* LaunchScreen.storyboard in Resources */ = {isa = PBXBuildFile; fileRef = 76C6AF912707208A00B5C1C1 /* LaunchScreen.storyboard */; };
		76C6AF9B270898E500B5C1C1 /* RoundButton.swift in Sources */ = {isa = PBXBuildFile; fileRef = 76C6AF9A270898E500B5C1C1 /* RoundButton.swift */; };
/* End PBXBuildFile section */

/* Begin PBXFileReference section */
		76C6AF802707208700B5C1C1 /* HW4 Calculator.app */ = {isa = PBXFileReference; explicitFileType = wrapper.application; includeInIndex = 0; path = "HW4 Calculator.app"; sourceTree = BUILT_PRODUCTS_DIR; };
		76C6AF832707208700B5C1C1 /* AppDelegate.swift */ = {isa = PBXFileReference; lastKnownFileType = sourcecode.swift; path = AppDelegate.swift; sourceTree = "<group>"; };
		76C6AF852707208700B5C1C1 /* SceneDelegate.swift */ = {isa = PBXFileReference; lastKnownFileType = sourcecode.swift; path = SceneDelegate.swift; sourceTree = "<group>"; };
		76C6AF872707208700B5C1C1 /* ViewController.swift */ = {isa = PBXFileReference; lastKnownFileType = sourcecode.swift; path = ViewController.swift; sourceTree = "<group>"; };
		76C6AF8A2707208700B5C1C1 /* Base */ = {isa = PBXFileReference; lastKnownFileType = file.storyboard; name = Base; path = Base.lproj/Main.storyboard; sourceTree = "<group>"; };
		76C6AF8D2707208700B5C1C1 /* HW4_Calculator.xcdatamodel */ = {isa = PBXFileReference; lastKnownFileType = wrapper.xcdatamodel; path = HW4_Calculator.xcdatamodel; sourceTree = "<group>"; };
		76C6AF8F2707208A00B5C1C1 /* Assets.xcassets */ = {isa = PBXFileReference; lastKnownFileType = folder.assetcatalog; path = Assets.xcassets; sourceTree = "<group>"; };
		76C6AF922707208A00B5C1C1 /* Base */ = {isa = PBXFileReference; lastKnownFileType = file.storyboard; name = Base; path = Base.lproj/LaunchScreen.storyboard; sourceTree = "<group>"; };
		76C6AF942707208B00B5C1C1 /* Info.plist */ = {isa = PBXFileReference; lastKnownFileType = text.plist.xml; path = Info.plist; sourceTree = "<group>"; };
		76C6AF9A270898E500B5C1C1 /* RoundButton.swift */ = {isa = PBXFileReference; lastKnownFileType = sourcecode.swift; path = RoundButton.swift; sourceTree = "<group>"; };
/* End PBXFileReference section */

/* Begin PBXFrameworksBuildPhase section */
		76C6AF7D2707208700B5C1C1 /* Frameworks */ = {
			isa = PBXFrameworksBuildPhase;
			buildActionMask = 2147483647;
			files = (
			);
			runOnlyForDeploymentPostprocessing = 0;
		};
/* End PBXFrameworksBuildPhase section */

/* Begin PBXGroup section */
		76C6AF772707208700B5C1C1 = {
			isa = PBXGroup;
			children = (
				76C6AF822707208700B5C1C1 /* HW4 Calculator */,
				76C6AF812707208700B5C1C1 /* Products */,
			);
			sourceTree = "<group>";
		};
		76C6AF812707208700B5C1C1 /* Products */ = {
			isa = PBXGroup;
			children = (
				76C6AF802707208700B5C1C1 /* HW4 Calculator.app */,
			);
			name = Products;
			sourceTree = "<group>";
		};
		76C6AF822707208700B5C1C1 /* HW4 Calculator */ = {
			isa = PBXGroup;
			children = (
				76C6AF832707208700B5C1C1 /* AppDelegate.swift */,
				76C6AF852707208700B5C1C1 /* SceneDelegate.swift */,
				76C6AF872707208700B5C1C1 /* ViewController.swift */,
				76C6AF892707208700B5C1C1 /* Main.storyboard */,
				76C6AF9A270898E500B5C1C1 /* RoundButton.swift */,
				76C6AF8F2707208A00B5C1C1 /* Assets.xcassets */,
				76C6AF912707208A00B5C1C1 /* LaunchScreen.storyboard */,
				76C6AF942707208B00B5C1C1 /* Info.plist */,
				76C6AF8C2707208700B5C1C1 /* HW4_Calculator.xcdatamodeld */,
			);
			path = "HW4 Calculator";
			sourceTree = "<group>";
		};
/* End PBXGroup section */

/* Begin PBXNativeTarget section */
		76C6AF7F2707208700B5C1C1 /* HW4 Calculator */ = {
			isa = PBXNativeTarget;
			buildConfigurationList = 76C6AF972707208B00B5C1C1 /* Build configuration list for PBXNativeTarget "HW4 Calculator" */;
			buildPhases = (
				76C6AF7C2707208700B5C1C1 /* Sources */,
				76C6AF7D2707208700B5C1C1 /* Frameworks */,
				76C6AF7E2707208700B5C1C1 /* Resources */,
			);
			buildRules = (
			);
			dependencies = (
			);
			name = "HW4 Calculator";
			productName = "HW4 Calculator";
			productReference = 76C6AF802707208700B5C1C1 /* HW4 Calculator.app */;
			productType = "com.apple.product-type.application";
		};
/* End PBXNativeTarget section */

/* Begin PBXProject section */
		76C6AF782707208700B5C1C1 /* Project object */ = {
			isa = PBXProject;
			attributes = {
				BuildIndependentTargetsInParallel = 1;
				LastSwiftUpdateCheck = 1300;
				LastUpgradeCheck = 1300;
				TargetAttributes = {
					76C6AF7F2707208700B5C1C1 = {
						CreatedOnToolsVersion = 13.0;
					};
				};
			};
			buildConfigurationList = 76C6AF7B2707208700B5C1C1 /* Build configuration list for PBXProject "HW4 Calculator" */;
			compatibilityVersion = "Xcode 13.0";
			developmentRegion = en;
			hasScannedForEncodings = 0;
			knownRegions = (
				en,
				Base,
			);
			mainGroup = 76C6AF772707208700B5C1C1;
			productRefGroup = 76C6AF812707208700B5C1C1 /* Products */;
			projectDirPath = "";
			projectRoot = "";
			targets = (
				76C6AF7F2707208700B5C1C1 /* HW4 Calculator */,
			);
		};
/* End PBXProject section */

/* Begin PBXResourcesBuildPhase section */
		76C6AF7E2707208700B5C1C1 /* Resources */ = {
			isa = PBXResourcesBuildPhase;
			buildActionMask = 2147483647;
			files = (
				76C6AF932707208A00B5C1C1 /* LaunchScreen.storyboard in Resources */,
				76C6AF902707208A00B5C1C1 /* Assets.xcassets in Resources */,
				76C6AF8B2707208700B5C1C1 /* Main.storyboard in Resources */,
			);
			runOnlyForDeploymentPostprocessing = 0;
		};
/* End PBXResourcesBuildPhase section */

/* Begin PBXSourcesBuildPhase section */
		76C6AF7C2707208700B5C1C1 /* Sources */ = {
			isa = PBXSourcesBuildPhase;
			buildActionMask = 2147483647;
			files = (
				76C6AF882707208700B5C1C1 /* ViewController.swift in Sources */,
				76C6AF9B270898E500B5C1C1 /* RoundButton.swift in Sources */,
				76C6AF842707208700B5C1C1 /* AppDelegate.swift in Sources */,
				76C6AF862707208700B5C1C1 /* SceneDelegate.swift in Sources */,
				76C6AF8E2707208700B5C1C1 /* HW4_Calculator.xcdatamodeld in Sources */,
			);
			runOnlyForDeploymentPostprocessing = 0;
		};
/* End PBXSourcesBuildPhase section */

/* Begin PBXVariantGroup section */
		76C6AF892707208700B5C1C1 /* Main.storyboard */ = {
			isa = PBXVariantGroup;
			children = (
				76C6AF8A2707208700B5C1C1 /* Base */,
			);
			name = Main.storyboard;
			sourceTree = "<group>";
		};
		76C6AF912707208A00B5C1C1 /* LaunchScreen.storyboard */ = {
			isa = PBXVariantGroup;
			children = (
				76C6AF922707208A00B5C1C1 /* Base */,
			);
			name = LaunchScreen.storyboard;
			sourceTree = "<group>";
		};
/* End PBXVariantGroup section */

/* Begin XCBuildConfiguration section */
		76C6AF952707208B00B5C1C1 /* Debug */ = {
			isa = XCBuildConfiguration;
			buildSettings = {
				ALWAYS_SEARCH_USER_PATHS = NO;
				CLANG_ANALYZER_NONNULL = YES;
				CLANG_ANALYZER_NUMBER_OBJECT_CONVERSION = YES_AGGRESSIVE;
				CLANG_CXX_LANGUAGE_STANDARD = "gnu++17";
				CLANG_CXX_LIBRARY = "libc++";
				CLANG_ENABLE_MODULES = YES;
				CLANG_ENABLE_OBJC_ARC = YES;
				CLANG_ENABLE_OBJC_WEAK = YES;
				CLANG_WARN_BLOCK_CAPTURE_AUTORELEASING = YES;
				CLANG_WARN_BOOL_CONVERSION = YES;
				CLANG_WARN_COMMA = YES;
				CLANG_WARN_CONSTANT_CONVERSION = YES;
				CLANG_WARN_DEPRECATED_OBJC_IMPLEMENTATIONS = YES;
				CLANG_WARN_DIRECT_OBJC_ISA_USAGE = YES_ERROR;
				CLANG_WARN_DOCUMENTATION_COMMENTS = YES;
				CLANG_WARN_EMPTY_BODY = YES;
				CLANG_WARN_ENUM_CONVERSION = YES;
				CLANG_WARN_INFINITE_RECURSION = YES;
				CLANG_WARN_INT_CONVERSION = YES;
				CLANG_WARN_NON_LITERAL_NULL_CONVERSION = YES;
				CLANG_WARN_OBJC_IMPLICIT_RETAIN_SELF = YES;
				CLANG_WARN_OBJC_LITERAL_CONVERSION = YES;
				CLANG_WARN_OBJC_ROOT_CLASS = YES_ERROR;
				CLANG_WARN_QUOTED_INCLUDE_IN_FRAMEWORK_HEADER = YES;
				CLANG_WARN_RANGE_LOOP_ANALYSIS = YES;
				CLANG_WARN_STRICT_PROTOTYPES = YES;
				CLANG_WARN_SUSPICIOUS_MOVE = YES;
				CLANG_WARN_UNGUARDED_AVAILABILITY = YES_AGGRESSIVE;
				CLANG_WARN_UNREACHABLE_CODE = YES;
				CLANG_WARN__DUPLICATE_METHOD_MATCH = YES;
				COPY_PHASE_STRIP = NO;
				DEBUG_INFORMATION_FORMAT = dwarf;
				ENABLE_STRICT_OBJC_MSGSEND = YES;
				ENABLE_TESTABILITY = YES;
				GCC_C_LANGUAGE_STANDARD = gnu11;
				GCC_DYNAMIC_NO_PIC = NO;
				GCC_NO_COMMON_BLOCKS = YES;
				GCC_OPTIMIZATION_LEVEL = 0;
				GCC_PREPROCESSOR_DEFINITIONS = (
					"DEBUG=1",
					"$(inherited)",
				);
				GCC_WARN_64_TO_32_BIT_CONVERSION = YES;
				GCC_WARN_ABOUT_RETURN_TYPE = YES_ERROR;
				GCC_WARN_UNDECLARED_SELECTOR = YES;
				GCC_WARN_UNINITIALIZED_AUTOS = YES_AGGRESSIVE;
				GCC_WARN_UNUSED_FUNCTION = YES;
				GCC_WARN_UNUSED_VARIABLE = YES;
				IPHONEOS_DEPLOYMENT_TARGET = 15.0;
				MTL_ENABLE_DEBUG_INFO = INCLUDE_SOURCE;
				MTL_FAST_MATH = YES;
				ONLY_ACTIVE_ARCH = YES;
				SDKROOT = iphoneos;
				SWIFT_ACTIVE_COMPILATION_CONDITIONS = DEBUG;
				SWIFT_OPTIMIZATION_LEVEL = "-Onone";
			};
			name = Debug;
		};
		76C6AF962707208B00B5C1C1 /* Release */ = {
			isa = XCBuildConfiguration;
			buildSettings = {
				ALWAYS_SEARCH_USER_PATHS = NO;
				CLANG_ANALYZER_NONNULL = YES;
				CLANG_ANALYZER_NUMBER_OBJECT_CONVERSION = YES_AGGRESSIVE;
				CLANG_CXX_LANGUAGE_STANDARD = "gnu++17";
				CLANG_CXX_LIBRARY = "libc++";
				CLANG_ENABLE_MODULES = YES;
				CLANG_ENABLE_OBJC_ARC = YES;
				CLANG_ENABLE_OBJC_WEAK = YES;
				CLANG_WARN_BLOCK_CAPTURE_AUTORELEASING = YES;
				CLANG_WARN_BOOL_CONVERSION = YES;
				CLANG_WARN_COMMA = YES;
				CLANG_WARN_CONSTANT_CONVERSION = YES;
				CLANG_WARN_DEPRECATED_OBJC_IMPLEMENTATIONS = YES;
				CLANG_WARN_DIRECT_OBJC_ISA_USAGE = YES_ERROR;
				CLANG_WARN_DOCUMENTATION_COMMENTS = YES;
				CLANG_WARN_EMPTY_BODY = YES;
				CLANG_WARN_ENUM_CONVERSION = YES;
				CLANG_WARN_INFINITE_RECURSION = YES;
				CLANG_WARN_INT_CONVERSION = YES;
				CLANG_WARN_NON_LITERAL_NULL_CONVERSION = YES;
				CLANG_WARN_OBJC_IMPLICIT_RETAIN_SELF = YES;
				CLANG_WARN_OBJC_LITERAL_CONVERSION = YES;
				CLANG_WARN_OBJC_ROOT_CLASS = YES_ERROR;
				CLANG_WARN_QUOTED_INCLUDE_IN_FRAMEWORK_HEADER = YES;
				CLANG_WARN_RANGE_LOOP_ANALYSIS = YES;
				CLANG_WARN_STRICT_PROTOTYPES = YES;
				CLANG_WARN_SUSPICIOUS_MOVE = YES;
				CLANG_WARN_UNGUARDED_AVAILABILITY = YES_AGGRESSIVE;
				CLANG_WARN_UNREACHABLE_CODE = YES;
				CLANG_WARN__DUPLICATE_METHOD_MATCH = YES;
				COPY_PHASE_STRIP = NO;
				DEBUG_INFORMATION_FORMAT = "dwarf-with-dsym";
				ENABLE_NS_ASSERTIONS = NO;
				ENABLE_STRICT_OBJC_MSGSEND = YES;
				GCC_C_LANGUAGE_STANDARD = gnu11;
				GCC_NO_COMMON_BLOCKS = YES;
				GCC_WARN_64_TO_32_BIT_CONVERSION = YES;
				GCC_WARN_ABOUT_RETURN_TYPE = YES_ERROR;
				GCC_WARN_UNDECLARED_SELECTOR = YES;
				GCC_WARN_UNINITIALIZED_AUTOS = YES_AGGRESSIVE;
				GCC_WARN_UNUSED_FUNCTION = YES;
				GCC_WARN_UNUSED_VARIABLE = YES;
				IPHONEOS_DEPLOYMENT_TARGET = 15.0;
				MTL_ENABLE_DEBUG_INFO = NO;
				MTL_FAST_MATH = YES;
				SDKROOT = iphoneos;
				SWIFT_COMPILATION_MODE = wholemodule;
				SWIFT_OPTIMIZATION_LEVEL = "-O";
				VALIDATE_PRODUCT = YES;
			};
			name = Release;
		};
		76C6AF982707208B00B5C1C1 /* Debug */ = {
			isa = XCBuildConfiguration;
			buildSettings = {
				ASSETCATALOG_COMPILER_APPICON_NAME = AppIcon;
				ASSETCATALOG_COMPILER_GLOBAL_ACCENT_COLOR_NAME = AccentColor;
				CODE_SIGN_STYLE = Automatic;
				CURRENT_PROJECT_VERSION = 1;
				DEVELOPMENT_TEAM = 3NHV6JK8J3;
				GENERATE_INFOPLIST_FILE = YES;
				INFOPLIST_FILE = "HW4 Calculator/Info.plist";
				INFOPLIST_KEY_UIApplicationSupportsIndirectInputEvents = YES;
				INFOPLIST_KEY_UILaunchStoryboardName = LaunchScreen;
				INFOPLIST_KEY_UIMainStoryboardFile = Main;
				INFOPLIST_KEY_UISupportedInterfaceOrientations_iPad = "UIInterfaceOrientationPortrait UIInterfaceOrientationPortraitUpsideDown UIInterfaceOrientationLandscapeLeft UIInterfaceOrientationLandscapeRight";
				INFOPLIST_KEY_UISupportedInterfaceOrientations_iPhone = "UIInterfaceOrientationPortrait UIInterfaceOrientationLandscapeLeft UIInterfaceOrientationLandscapeRight";
				IPHONEOS_DEPLOYMENT_TARGET = 13.0;
				LD_RUNPATH_SEARCH_PATHS = (
					"$(inherited)",
					"@executable_path/Frameworks",
				);
				MARKETING_VERSION = 1.0;
				PRODUCT_BUNDLE_IDENTIFIER = "Iryna-Mishyna.HW4-Calculator";
				PRODUCT_NAME = "$(TARGET_NAME)";
				SWIFT_EMIT_LOC_STRINGS = YES;
				SWIFT_VERSION = 5.0;
				TARGETED_DEVICE_FAMILY = "1,2";
			};
			name = Debug;
		};
		76C6AF992707208B00B5C1C1 /* Release */ = {
			isa = XCBuildConfiguration;
			buildSettings = {
				ASSETCATALOG_COMPILER_APPICON_NAME = AppIcon;
				ASSETCATALOG_COMPILER_GLOBAL_ACCENT_COLOR_NAME = AccentColor;
				CODE_SIGN_STYLE = Automatic;
				CURRENT_PROJECT_VERSION = 1;
				DEVELOPMENT_TEAM = 3NHV6JK8J3;
				GENERATE_INFOPLIST_FILE = YES;
				INFOPLIST_FILE = "HW4 Calculator/Info.plist";
				INFOPLIST_KEY_UIApplicationSupportsIndirectInputEvents = YES;
				INFOPLIST_KEY_UILaunchStoryboardName = LaunchScreen;
				INFOPLIST_KEY_UIMainStoryboardFile = Main;
				INFOPLIST_KEY_UISupportedInterfaceOrientations_iPad = "UIInterfaceOrientationPortrait UIInterfaceOrientationPortraitUpsideDown UIInterfaceOrientationLandscapeLeft UIInterfaceOrientationLandscapeRight";
				INFOPLIST_KEY_UISupportedInterfaceOrientations_iPhone = "UIInterfaceOrientationPortrait UIInterfaceOrientationLandscapeLeft UIInterfaceOrientationLandscapeRight";
				IPHONEOS_DEPLOYMENT_TARGET = 13.0;
				LD_RUNPATH_SEARCH_PATHS = (
					"$(inherited)",
					"@executable_path/Frameworks",
				);
				MARKETING_VERSION = 1.0;
				PRODUCT_BUNDLE_IDENTIFIER = "Iryna-Mishyna.HW4-Calculator";
				PRODUCT_NAME = "$(TARGET_NAME)";
				SWIFT_EMIT_LOC_STRINGS = YES;
				SWIFT_VERSION = 5.0;
				TARGETED_DEVICE_FAMILY = "1,2";
			};
			name = Release;
		};
/* End XCBuildConfiguration section */

/* Begin XCConfigurationList section */
		76C6AF7B2707208700B5C1C1 /* Build configuration list for PBXProject "HW4 Calculator" */ = {
			isa = XCConfigurationList;
			buildConfigurations = (
				76C6AF952707208B00B5C1C1 /* Debug */,
				76C6AF962707208B00B5C1C1 /* Release */,
			);
			defaultConfigurationIsVisible = 0;
			defaultConfigurationName = Release;
		};
		76C6AF972707208B00B5C1C1 /* Build configuration list for PBXNativeTarget "HW4 Calculator" */ = {
			isa = XCConfigurationList;
			buildConfigurations = (
				76C6AF982707208B00B5C1C1 /* Debug */,
				76C6AF992707208B00B5C1C1 /* Release */,
			);
			defaultConfigurationIsVisible = 0;
			defaultConfigurationName = Release;
		};
/* End XCConfigurationList section */

/* Begin XCVersionGroup section */
		76C6AF8C2707208700B5C1C1 /* HW4_Calculator.xcdatamodeld */ = {
			isa = XCVersionGroup;
			children = (
				76C6AF8D2707208700B5C1C1 /* HW4_Calculator.xcdatamodel */,
			);
			currentVersion = 76C6AF8D2707208700B5C1C1 /* HW4_Calculator.xcdatamodel */;
			path = HW4_Calculator.xcdatamodeld;
			sourceTree = "<group>";
			versionGroupType = wrapper.xcdatamodel;
		};
/* End XCVersionGroup section */
	};
	rootObject = 76C6AF782707208700B5C1C1 /* Project object */;
}
