// !$*UTF8*$!
{
	archiveVersion = 1;
	classes = {
	};
	objectVersion = 55;
	objects = {

/* Begin PBXBuildFile section */
		767D021F274FDB390022B5BF /* AppDelegate.swift in Sources */ = {isa = PBXBuildFile; fileRef = 767D021E274FDB390022B5BF /* AppDelegate.swift */; };
		767D0221274FDB390022B5BF /* SceneDelegate.swift in Sources */ = {isa = PBXBuildFile; fileRef = 767D0220274FDB390022B5BF /* SceneDelegate.swift */; };
		767D0223274FDB390022B5BF /* ViewController.swift in Sources */ = {isa = PBXBuildFile; fileRef = 767D0222274FDB390022B5BF /* ViewController.swift */; };
		767D0226274FDB390022B5BF /* Main.storyboard in Resources */ = {isa = PBXBuildFile; fileRef = 767D0224274FDB390022B5BF /* Main.storyboard */; };
		767D0229274FDB390022B5BF /* NSObject.xcdatamodeld in Sources */ = {isa = PBXBuildFile; fileRef = 767D0227274FDB390022B5BF /* NSObject.xcdatamodeld */; };
		767D022B274FDB3B0022B5BF /* Assets.xcassets in Resources */ = {isa = PBXBuildFile; fileRef = 767D022A274FDB3B0022B5BF /* Assets.xcassets */; };
		767D022E274FDB3B0022B5BF /* LaunchScreen.storyboard in Resources */ = {isa = PBXBuildFile; fileRef = 767D022C274FDB3B0022B5BF /* LaunchScreen.storyboard */; };
		767D0239274FDE670022B5BF /* ObjCPro.m in Sources */ = {isa = PBXBuildFile; fileRef = 767D0238274FDE670022B5BF /* ObjCPro.m */; };
		767D023B274FDF750022B5BF /* Classes.swift in Sources */ = {isa = PBXBuildFile; fileRef = 767D023A274FDF750022B5BF /* Classes.swift */; };
		76F815B6274FEBF00010351C /* KVOViewController.swift in Sources */ = {isa = PBXBuildFile; fileRef = 76F815B5274FEBF00010351C /* KVOViewController.swift */; };
		76F815BC2750F90C0010351C /* HW.swift in Sources */ = {isa = PBXBuildFile; fileRef = 76F815BB2750F90C0010351C /* HW.swift */; };
/* End PBXBuildFile section */

/* Begin PBXFileReference section */
		767D021B274FDB390022B5BF /* NSObject.app */ = {isa = PBXFileReference; explicitFileType = wrapper.application; includeInIndex = 0; path = NSObject.app; sourceTree = BUILT_PRODUCTS_DIR; };
		767D021E274FDB390022B5BF /* AppDelegate.swift */ = {isa = PBXFileReference; lastKnownFileType = sourcecode.swift; path = AppDelegate.swift; sourceTree = "<group>"; };
		767D0220274FDB390022B5BF /* SceneDelegate.swift */ = {isa = PBXFileReference; lastKnownFileType = sourcecode.swift; path = SceneDelegate.swift; sourceTree = "<group>"; };
		767D0222274FDB390022B5BF /* ViewController.swift */ = {isa = PBXFileReference; lastKnownFileType = sourcecode.swift; path = ViewController.swift; sourceTree = "<group>"; };
		767D0225274FDB390022B5BF /* Base */ = {isa = PBXFileReference; lastKnownFileType = file.storyboard; name = Base; path = Base.lproj/Main.storyboard; sourceTree = "<group>"; };
		767D0228274FDB390022B5BF /* NSObject.xcdatamodel */ = {isa = PBXFileReference; lastKnownFileType = wrapper.xcdatamodel; path = NSObject.xcdatamodel; sourceTree = "<group>"; };
		767D022A274FDB3B0022B5BF /* Assets.xcassets */ = {isa = PBXFileReference; lastKnownFileType = folder.assetcatalog; path = Assets.xcassets; sourceTree = "<group>"; };
		767D022D274FDB3B0022B5BF /* Base */ = {isa = PBXFileReference; lastKnownFileType = file.storyboard; name = Base; path = Base.lproj/LaunchScreen.storyboard; sourceTree = "<group>"; };
		767D022F274FDB3B0022B5BF /* Info.plist */ = {isa = PBXFileReference; lastKnownFileType = text.plist.xml; path = Info.plist; sourceTree = "<group>"; };
		767D0237274FDE670022B5BF /* NSObject-Bridging-Header.h */ = {isa = PBXFileReference; lastKnownFileType = sourcecode.c.h; path = "NSObject-Bridging-Header.h"; sourceTree = "<group>"; };
		767D0238274FDE670022B5BF /* ObjCPro.m */ = {isa = PBXFileReference; lastKnownFileType = sourcecode.c.objc; path = ObjCPro.m; sourceTree = "<group>"; };
		767D023A274FDF750022B5BF /* Classes.swift */ = {isa = PBXFileReference; lastKnownFileType = sourcecode.swift; path = Classes.swift; sourceTree = "<group>"; };
		76F815B5274FEBF00010351C /* KVOViewController.swift */ = {isa = PBXFileReference; lastKnownFileType = sourcecode.swift; path = KVOViewController.swift; sourceTree = "<group>"; };
		76F815BB2750F90C0010351C /* HW.swift */ = {isa = PBXFileReference; lastKnownFileType = sourcecode.swift; path = HW.swift; sourceTree = "<group>"; };
/* End PBXFileReference section */

/* Begin PBXFrameworksBuildPhase section */
		767D0218274FDB390022B5BF /* Frameworks */ = {
			isa = PBXFrameworksBuildPhase;
			buildActionMask = 2147483647;
			files = (
			);
			runOnlyForDeploymentPostprocessing = 0;
		};
/* End PBXFrameworksBuildPhase section */

/* Begin PBXGroup section */
		767D0212274FDB390022B5BF = {
			isa = PBXGroup;
			children = (
				767D021D274FDB390022B5BF /* NSObject */,
				767D021C274FDB390022B5BF /* Products */,
			);
			sourceTree = "<group>";
		};
		767D021C274FDB390022B5BF /* Products */ = {
			isa = PBXGroup;
			children = (
				767D021B274FDB390022B5BF /* NSObject.app */,
			);
			name = Products;
			sourceTree = "<group>";
		};
		767D021D274FDB390022B5BF /* NSObject */ = {
			isa = PBXGroup;
			children = (
				767D021E274FDB390022B5BF /* AppDelegate.swift */,
				767D0220274FDB390022B5BF /* SceneDelegate.swift */,
				76F815BB2750F90C0010351C /* HW.swift */,
				76F815B92750F5B20010351C /* FirstHW */,
				76F815BA2750F5EE0010351C /* SecondHW */,
				767D0224274FDB390022B5BF /* Main.storyboard */,
				767D022A274FDB3B0022B5BF /* Assets.xcassets */,
				767D022C274FDB3B0022B5BF /* LaunchScreen.storyboard */,
				767D022F274FDB3B0022B5BF /* Info.plist */,
			);
			path = NSObject;
			sourceTree = "<group>";
		};
		76F815B92750F5B20010351C /* FirstHW */ = {
			isa = PBXGroup;
			children = (
				767D0222274FDB390022B5BF /* ViewController.swift */,
				767D023A274FDF750022B5BF /* Classes.swift */,
				767D0238274FDE670022B5BF /* ObjCPro.m */,
				767D0227274FDB390022B5BF /* NSObject.xcdatamodeld */,
				767D0237274FDE670022B5BF /* NSObject-Bridging-Header.h */,
			);
			name = FirstHW;
			sourceTree = "<group>";
		};
		76F815BA2750F5EE0010351C /* SecondHW */ = {
			isa = PBXGroup;
			children = (
				76F815B5274FEBF00010351C /* KVOViewController.swift */,
			);
			name = SecondHW;
			sourceTree = "<group>";
		};
/* End PBXGroup section */

/* Begin PBXNativeTarget section */
		767D021A274FDB390022B5BF /* NSObject */ = {
			isa = PBXNativeTarget;
			buildConfigurationList = 767D0232274FDB3B0022B5BF /* Build configuration list for PBXNativeTarget "NSObject" */;
			buildPhases = (
				767D0217274FDB390022B5BF /* Sources */,
				767D0218274FDB390022B5BF /* Frameworks */,
				767D0219274FDB390022B5BF /* Resources */,
			);
			buildRules = (
			);
			dependencies = (
			);
			name = NSObject;
			productName = NSObject;
			productReference = 767D021B274FDB390022B5BF /* NSObject.app */;
			productType = "com.apple.product-type.application";
		};
/* End PBXNativeTarget section */

/* Begin PBXProject section */
		767D0213274FDB390022B5BF /* Project object */ = {
			isa = PBXProject;
			attributes = {
				BuildIndependentTargetsInParallel = 1;
				LastSwiftUpdateCheck = 1310;
				LastUpgradeCheck = 1310;
				TargetAttributes = {
					767D021A274FDB390022B5BF = {
						CreatedOnToolsVersion = 13.1;
						LastSwiftMigration = 1310;
					};
				};
			};
			buildConfigurationList = 767D0216274FDB390022B5BF /* Build configuration list for PBXProject "NSObject" */;
			compatibilityVersion = "Xcode 13.0";
			developmentRegion = en;
			hasScannedForEncodings = 0;
			knownRegions = (
				en,
				Base,
			);
			mainGroup = 767D0212274FDB390022B5BF;
			productRefGroup = 767D021C274FDB390022B5BF /* Products */;
			projectDirPath = "";
			projectRoot = "";
			targets = (
				767D021A274FDB390022B5BF /* NSObject */,
			);
		};
/* End PBXProject section */

/* Begin PBXResourcesBuildPhase section */
		767D0219274FDB390022B5BF /* Resources */ = {
			isa = PBXResourcesBuildPhase;
			buildActionMask = 2147483647;
			files = (
				767D022E274FDB3B0022B5BF /* LaunchScreen.storyboard in Resources */,
				767D022B274FDB3B0022B5BF /* Assets.xcassets in Resources */,
				767D0226274FDB390022B5BF /* Main.storyboard in Resources */,
			);
			runOnlyForDeploymentPostprocessing = 0;
		};
/* End PBXResourcesBuildPhase section */

/* Begin PBXSourcesBuildPhase section */
		767D0217274FDB390022B5BF /* Sources */ = {
			isa = PBXSourcesBuildPhase;
			buildActionMask = 2147483647;
			files = (
				767D0223274FDB390022B5BF /* ViewController.swift in Sources */,
				767D0229274FDB390022B5BF /* NSObject.xcdatamodeld in Sources */,
				76F815BC2750F90C0010351C /* HW.swift in Sources */,
				767D023B274FDF750022B5BF /* Classes.swift in Sources */,
				76F815B6274FEBF00010351C /* KVOViewController.swift in Sources */,
				767D021F274FDB390022B5BF /* AppDelegate.swift in Sources */,
				767D0221274FDB390022B5BF /* SceneDelegate.swift in Sources */,
				767D0239274FDE670022B5BF /* ObjCPro.m in Sources */,
			);
			runOnlyForDeploymentPostprocessing = 0;
		};
/* End PBXSourcesBuildPhase section */

/* Begin PBXVariantGroup section */
		767D0224274FDB390022B5BF /* Main.storyboard */ = {
			isa = PBXVariantGroup;
			children = (
				767D0225274FDB390022B5BF /* Base */,
			);
			name = Main.storyboard;
			sourceTree = "<group>";
		};
		767D022C274FDB3B0022B5BF /* LaunchScreen.storyboard */ = {
			isa = PBXVariantGroup;
			children = (
				767D022D274FDB3B0022B5BF /* Base */,
			);
			name = LaunchScreen.storyboard;
			sourceTree = "<group>";
		};
/* End PBXVariantGroup section */

/* Begin XCBuildConfiguration section */
		767D0230274FDB3B0022B5BF /* Debug */ = {
			isa = XCBuildConfiguration;
			buildSettings = {
				ALWAYS_SEARCH_USER_PATHS = NO;
				CLANG_ANALYZER_NONNULL = YES;
				CLANG_ANALYZER_NUMBER_OBJECT_CONVERSION = YES_AGGRESSIVE;
				CLANG_CXX_LANGUAGE_STANDARD = "gnu++17";
				CLANG_CXX_LIBRARY = "libc++";
				CLANG_ENABLE_MODULES = YES;
				CLANG_ENABLE_OBJC_ARC = YES;
				CLANG_ENABLE_OBJC_WEAK = YES;
				CLANG_WARN_BLOCK_CAPTURE_AUTORELEASING = YES;
				CLANG_WARN_BOOL_CONVERSION = YES;
				CLANG_WARN_COMMA = YES;
				CLANG_WARN_CONSTANT_CONVERSION = YES;
				CLANG_WARN_DEPRECATED_OBJC_IMPLEMENTATIONS = YES;
				CLANG_WARN_DIRECT_OBJC_ISA_USAGE = YES_ERROR;
				CLANG_WARN_DOCUMENTATION_COMMENTS = YES;
				CLANG_WARN_EMPTY_BODY = YES;
				CLANG_WARN_ENUM_CONVERSION = YES;
				CLANG_WARN_INFINITE_RECURSION = YES;
				CLANG_WARN_INT_CONVERSION = YES;
				CLANG_WARN_NON_LITERAL_NULL_CONVERSION = YES;
				CLANG_WARN_OBJC_IMPLICIT_RETAIN_SELF = YES;
				CLANG_WARN_OBJC_LITERAL_CONVERSION = YES;
				CLANG_WARN_OBJC_ROOT_CLASS = YES_ERROR;
				CLANG_WARN_QUOTED_INCLUDE_IN_FRAMEWORK_HEADER = YES;
				CLANG_WARN_RANGE_LOOP_ANALYSIS = YES;
				CLANG_WARN_STRICT_PROTOTYPES = YES;
				CLANG_WARN_SUSPICIOUS_MOVE = YES;
				CLANG_WARN_UNGUARDED_AVAILABILITY = YES_AGGRESSIVE;
				CLANG_WARN_UNREACHABLE_CODE = YES;
				CLANG_WARN__DUPLICATE_METHOD_MATCH = YES;
				COPY_PHASE_STRIP = NO;
				DEBUG_INFORMATION_FORMAT = dwarf;
				ENABLE_STRICT_OBJC_MSGSEND = YES;
				ENABLE_TESTABILITY = YES;
				GCC_C_LANGUAGE_STANDARD = gnu11;
				GCC_DYNAMIC_NO_PIC = NO;
				GCC_NO_COMMON_BLOCKS = YES;
				GCC_OPTIMIZATION_LEVEL = 0;
				GCC_PREPROCESSOR_DEFINITIONS = (
					"DEBUG=1",
					"$(inherited)",
				);
				GCC_WARN_64_TO_32_BIT_CONVERSION = YES;
				GCC_WARN_ABOUT_RETURN_TYPE = YES_ERROR;
				GCC_WARN_UNDECLARED_SELECTOR = YES;
				GCC_WARN_UNINITIALIZED_AUTOS = YES_AGGRESSIVE;
				GCC_WARN_UNUSED_FUNCTION = YES;
				GCC_WARN_UNUSED_VARIABLE = YES;
				IPHONEOS_DEPLOYMENT_TARGET = 15.0;
				MTL_ENABLE_DEBUG_INFO = INCLUDE_SOURCE;
				MTL_FAST_MATH = YES;
				ONLY_ACTIVE_ARCH = YES;
				SDKROOT = iphoneos;
				SWIFT_ACTIVE_COMPILATION_CONDITIONS = DEBUG;
				SWIFT_OPTIMIZATION_LEVEL = "-Onone";
			};
			name = Debug;
		};
		767D0231274FDB3B0022B5BF /* Release */ = {
			isa = XCBuildConfiguration;
			buildSettings = {
				ALWAYS_SEARCH_USER_PATHS = NO;
				CLANG_ANALYZER_NONNULL = YES;
				CLANG_ANALYZER_NUMBER_OBJECT_CONVERSION = YES_AGGRESSIVE;
				CLANG_CXX_LANGUAGE_STANDARD = "gnu++17";
				CLANG_CXX_LIBRARY = "libc++";
				CLANG_ENABLE_MODULES = YES;
				CLANG_ENABLE_OBJC_ARC = YES;
				CLANG_ENABLE_OBJC_WEAK = YES;
				CLANG_WARN_BLOCK_CAPTURE_AUTORELEASING = YES;
				CLANG_WARN_BOOL_CONVERSION = YES;
				CLANG_WARN_COMMA = YES;
				CLANG_WARN_CONSTANT_CONVERSION = YES;
				CLANG_WARN_DEPRECATED_OBJC_IMPLEMENTATIONS = YES;
				CLANG_WARN_DIRECT_OBJC_ISA_USAGE = YES_ERROR;
				CLANG_WARN_DOCUMENTATION_COMMENTS = YES;
				CLANG_WARN_EMPTY_BODY = YES;
				CLANG_WARN_ENUM_CONVERSION = YES;
				CLANG_WARN_INFINITE_RECURSION = YES;
				CLANG_WARN_INT_CONVERSION = YES;
				CLANG_WARN_NON_LITERAL_NULL_CONVERSION = YES;
				CLANG_WARN_OBJC_IMPLICIT_RETAIN_SELF = YES;
				CLANG_WARN_OBJC_LITERAL_CONVERSION = YES;
				CLANG_WARN_OBJC_ROOT_CLASS = YES_ERROR;
				CLANG_WARN_QUOTED_INCLUDE_IN_FRAMEWORK_HEADER = YES;
				CLANG_WARN_RANGE_LOOP_ANALYSIS = YES;
				CLANG_WARN_STRICT_PROTOTYPES = YES;
				CLANG_WARN_SUSPICIOUS_MOVE = YES;
				CLANG_WARN_UNGUARDED_AVAILABILITY = YES_AGGRESSIVE;
				CLANG_WARN_UNREACHABLE_CODE = YES;
				CLANG_WARN__DUPLICATE_METHOD_MATCH = YES;
				COPY_PHASE_STRIP = NO;
				DEBUG_INFORMATION_FORMAT = "dwarf-with-dsym";
				ENABLE_NS_ASSERTIONS = NO;
				ENABLE_STRICT_OBJC_MSGSEND = YES;
				GCC_C_LANGUAGE_STANDARD = gnu11;
				GCC_NO_COMMON_BLOCKS = YES;
				GCC_WARN_64_TO_32_BIT_CONVERSION = YES;
				GCC_WARN_ABOUT_RETURN_TYPE = YES_ERROR;
				GCC_WARN_UNDECLARED_SELECTOR = YES;
				GCC_WARN_UNINITIALIZED_AUTOS = YES_AGGRESSIVE;
				GCC_WARN_UNUSED_FUNCTION = YES;
				GCC_WARN_UNUSED_VARIABLE = YES;
				IPHONEOS_DEPLOYMENT_TARGET = 15.0;
				MTL_ENABLE_DEBUG_INFO = NO;
				MTL_FAST_MATH = YES;
				SDKROOT = iphoneos;
				SWIFT_COMPILATION_MODE = wholemodule;
				SWIFT_OPTIMIZATION_LEVEL = "-O";
				VALIDATE_PRODUCT = YES;
			};
			name = Release;
		};
		767D0233274FDB3B0022B5BF /* Debug */ = {
			isa = XCBuildConfiguration;
			buildSettings = {
				ASSETCATALOG_COMPILER_APPICON_NAME = AppIcon;
				ASSETCATALOG_COMPILER_GLOBAL_ACCENT_COLOR_NAME = AccentColor;
				CLANG_ENABLE_MODULES = YES;
				CODE_SIGN_STYLE = Automatic;
				CURRENT_PROJECT_VERSION = 1;
				DEVELOPMENT_TEAM = 3NHV6JK8J3;
				GENERATE_INFOPLIST_FILE = YES;
				INFOPLIST_FILE = NSObject/Info.plist;
				INFOPLIST_KEY_UIApplicationSupportsIndirectInputEvents = YES;
				INFOPLIST_KEY_UILaunchStoryboardName = LaunchScreen;
				INFOPLIST_KEY_UIMainStoryboardFile = Main;
				INFOPLIST_KEY_UISupportedInterfaceOrientations_iPad = "UIInterfaceOrientationPortrait UIInterfaceOrientationPortraitUpsideDown UIInterfaceOrientationLandscapeLeft UIInterfaceOrientationLandscapeRight";
				INFOPLIST_KEY_UISupportedInterfaceOrientations_iPhone = "UIInterfaceOrientationPortrait UIInterfaceOrientationLandscapeLeft UIInterfaceOrientationLandscapeRight";
				LD_RUNPATH_SEARCH_PATHS = (
					"$(inherited)",
					"@executable_path/Frameworks",
				);
				MARKETING_VERSION = 1.0;
				PRODUCT_BUNDLE_IDENTIFIER = "Iryna-Mishyna.NSObject";
				PRODUCT_NAME = "$(TARGET_NAME)";
				SWIFT_EMIT_LOC_STRINGS = YES;
				SWIFT_OBJC_BRIDGING_HEADER = "NSObject/NSObject-Bridging-Header.h";
				SWIFT_OPTIMIZATION_LEVEL = "-Onone";
				SWIFT_VERSION = 5.0;
				TARGETED_DEVICE_FAMILY = "1,2";
			};
			name = Debug;
		};
		767D0234274FDB3B0022B5BF /* Release */ = {
			isa = XCBuildConfiguration;
			buildSettings = {
				ASSETCATALOG_COMPILER_APPICON_NAME = AppIcon;
				ASSETCATALOG_COMPILER_GLOBAL_ACCENT_COLOR_NAME = AccentColor;
				CLANG_ENABLE_MODULES = YES;
				CODE_SIGN_STYLE = Automatic;
				CURRENT_PROJECT_VERSION = 1;
				DEVELOPMENT_TEAM = 3NHV6JK8J3;
				GENERATE_INFOPLIST_FILE = YES;
				INFOPLIST_FILE = NSObject/Info.plist;
				INFOPLIST_KEY_UIApplicationSupportsIndirectInputEvents = YES;
				INFOPLIST_KEY_UILaunchStoryboardName = LaunchScreen;
				INFOPLIST_KEY_UIMainStoryboardFile = Main;
				INFOPLIST_KEY_UISupportedInterfaceOrientations_iPad = "UIInterfaceOrientationPortrait UIInterfaceOrientationPortraitUpsideDown UIInterfaceOrientationLandscapeLeft UIInterfaceOrientationLandscapeRight";
				INFOPLIST_KEY_UISupportedInterfaceOrientations_iPhone = "UIInterfaceOrientationPortrait UIInterfaceOrientationLandscapeLeft UIInterfaceOrientationLandscapeRight";
				LD_RUNPATH_SEARCH_PATHS = (
					"$(inherited)",
					"@executable_path/Frameworks",
				);
				MARKETING_VERSION = 1.0;
				PRODUCT_BUNDLE_IDENTIFIER = "Iryna-Mishyna.NSObject";
				PRODUCT_NAME = "$(TARGET_NAME)";
				SWIFT_EMIT_LOC_STRINGS = YES;
				SWIFT_OBJC_BRIDGING_HEADER = "NSObject/NSObject-Bridging-Header.h";
				SWIFT_VERSION = 5.0;
				TARGETED_DEVICE_FAMILY = "1,2";
			};
			name = Release;
		};
/* End XCBuildConfiguration section */

/* Begin XCConfigurationList section */
		767D0216274FDB390022B5BF /* Build configuration list for PBXProject "NSObject" */ = {
			isa = XCConfigurationList;
			buildConfigurations = (
				767D0230274FDB3B0022B5BF /* Debug */,
				767D0231274FDB3B0022B5BF /* Release */,
			);
			defaultConfigurationIsVisible = 0;
			defaultConfigurationName = Release;
		};
		767D0232274FDB3B0022B5BF /* Build configuration list for PBXNativeTarget "NSObject" */ = {
			isa = XCConfigurationList;
			buildConfigurations = (
				767D0233274FDB3B0022B5BF /* Debug */,
				767D0234274FDB3B0022B5BF /* Release */,
			);
			defaultConfigurationIsVisible = 0;
			defaultConfigurationName = Release;
		};
/* End XCConfigurationList section */

/* Begin XCVersionGroup section */
		767D0227274FDB390022B5BF /* NSObject.xcdatamodeld */ = {
			isa = XCVersionGroup;
			children = (
				767D0228274FDB390022B5BF /* NSObject.xcdatamodel */,
			);
			currentVersion = 767D0228274FDB390022B5BF /* NSObject.xcdatamodel */;
			path = NSObject.xcdatamodeld;
			sourceTree = "<group>";
			versionGroupType = wrapper.xcdatamodel;
		};
/* End XCVersionGroup section */
	};
	rootObject = 767D0213274FDB390022B5BF /* Project object */;
}
