// !$*UTF8*$!
{
	archiveVersion = 1;
	classes = {
	};
	objectVersion = 55;
	objects = {

/* Begin PBXBuildFile section */
		760E61FA273D2099007BB502 /* CustomSectionFooterView.swift in Sources */ = {isa = PBXBuildFile; fileRef = 760E61F9273D2099007BB502 /* CustomSectionFooterView.swift */; };
		760E61FC273D272D007BB502 /* Assets.xcassets in Resources */ = {isa = PBXBuildFile; fileRef = 760E61FB273D272D007BB502 /* Assets.xcassets */; };
		76340EFB27342ADE00407201 /* CountryDetailsViewController.swift in Sources */ = {isa = PBXBuildFile; fileRef = 76340EFA27342ADE00407201 /* CountryDetailsViewController.swift */; };
		767D1F5B27102ED800C3FFB8 /* AppDelegate.swift in Sources */ = {isa = PBXBuildFile; fileRef = 767D1F5A27102ED800C3FFB8 /* AppDelegate.swift */; };
		767D1F5D27102ED800C3FFB8 /* SceneDelegate.swift in Sources */ = {isa = PBXBuildFile; fileRef = 767D1F5C27102ED800C3FFB8 /* SceneDelegate.swift */; };
		767D1F6227102ED800C3FFB8 /* Main.storyboard in Resources */ = {isa = PBXBuildFile; fileRef = 767D1F6027102ED800C3FFB8 /* Main.storyboard */; };
		767D1F6527102ED800C3FFB8 /* HW_4_1.xcdatamodeld in Sources */ = {isa = PBXBuildFile; fileRef = 767D1F6327102ED800C3FFB8 /* HW_4_1.xcdatamodeld */; };
		767D1F6A27102EDB00C3FFB8 /* LaunchScreen.storyboard in Resources */ = {isa = PBXBuildFile; fileRef = 767D1F6827102EDB00C3FFB8 /* LaunchScreen.storyboard */; };
		767D1F7227102F1A00C3FFB8 /* TableViewController.swift in Sources */ = {isa = PBXBuildFile; fileRef = 767D1F7127102F1A00C3FFB8 /* TableViewController.swift */; };
		767D1F7427103DF100C3FFB8 /* CustomTableViewCell.swift in Sources */ = {isa = PBXBuildFile; fileRef = 767D1F7327103DF100C3FFB8 /* CustomTableViewCell.swift */; };
		767D1F7627103F0700C3FFB8 /* Country.swift in Sources */ = {isa = PBXBuildFile; fileRef = 767D1F7527103F0700C3FFB8 /* Country.swift */; };
/* End PBXBuildFile section */

/* Begin PBXFileReference section */
		760E61F9273D2099007BB502 /* CustomSectionFooterView.swift */ = {isa = PBXFileReference; lastKnownFileType = sourcecode.swift; path = CustomSectionFooterView.swift; sourceTree = "<group>"; };
		760E61FB273D272D007BB502 /* Assets.xcassets */ = {isa = PBXFileReference; lastKnownFileType = folder.assetcatalog; path = Assets.xcassets; sourceTree = "<group>"; };
		76340EFA27342ADE00407201 /* CountryDetailsViewController.swift */ = {isa = PBXFileReference; lastKnownFileType = sourcecode.swift; path = CountryDetailsViewController.swift; sourceTree = "<group>"; };
		767D1F5727102ED800C3FFB8 /* HW-4-1.app */ = {isa = PBXFileReference; explicitFileType = wrapper.application; includeInIndex = 0; path = "HW-4-1.app"; sourceTree = BUILT_PRODUCTS_DIR; };
		767D1F5A27102ED800C3FFB8 /* AppDelegate.swift */ = {isa = PBXFileReference; lastKnownFileType = sourcecode.swift; path = AppDelegate.swift; sourceTree = "<group>"; };
		767D1F5C27102ED800C3FFB8 /* SceneDelegate.swift */ = {isa = PBXFileReference; lastKnownFileType = sourcecode.swift; path = SceneDelegate.swift; sourceTree = "<group>"; };
		767D1F6127102ED800C3FFB8 /* Base */ = {isa = PBXFileReference; lastKnownFileType = file.storyboard; name = Base; path = Base.lproj/Main.storyboard; sourceTree = "<group>"; };
		767D1F6427102ED800C3FFB8 /* HW_4_1.xcdatamodel */ = {isa = PBXFileReference; lastKnownFileType = wrapper.xcdatamodel; path = HW_4_1.xcdatamodel; sourceTree = "<group>"; };
		767D1F6927102EDB00C3FFB8 /* Base */ = {isa = PBXFileReference; lastKnownFileType = file.storyboard; name = Base; path = Base.lproj/LaunchScreen.storyboard; sourceTree = "<group>"; };
		767D1F6B27102EDB00C3FFB8 /* Info.plist */ = {isa = PBXFileReference; lastKnownFileType = text.plist.xml; path = Info.plist; sourceTree = "<group>"; };
		767D1F7127102F1A00C3FFB8 /* TableViewController.swift */ = {isa = PBXFileReference; lastKnownFileType = sourcecode.swift; path = TableViewController.swift; sourceTree = "<group>"; };
		767D1F7327103DF100C3FFB8 /* CustomTableViewCell.swift */ = {isa = PBXFileReference; lastKnownFileType = sourcecode.swift; path = CustomTableViewCell.swift; sourceTree = "<group>"; };
		767D1F7527103F0700C3FFB8 /* Country.swift */ = {isa = PBXFileReference; lastKnownFileType = sourcecode.swift; path = Country.swift; sourceTree = "<group>"; };
/* End PBXFileReference section */

/* Begin PBXFrameworksBuildPhase section */
		767D1F5427102ED800C3FFB8 /* Frameworks */ = {
			isa = PBXFrameworksBuildPhase;
			buildActionMask = 2147483647;
			files = (
			);
			runOnlyForDeploymentPostprocessing = 0;
		};
/* End PBXFrameworksBuildPhase section */

/* Begin PBXGroup section */
		760CCECF271724730088D9AF /* CustomSectionFooterView */ = {
			isa = PBXGroup;
			children = (
				760E61F9273D2099007BB502 /* CustomSectionFooterView.swift */,
			);
			path = CustomSectionFooterView;
			sourceTree = "<group>";
		};
		7661F40A273D32170033D6D7 /* ViewController */ = {
			isa = PBXGroup;
			children = (
				767D1F7127102F1A00C3FFB8 /* TableViewController.swift */,
				76340EFA27342ADE00407201 /* CountryDetailsViewController.swift */,
			);
			path = ViewController;
			sourceTree = "<group>";
		};
		767D1F4E27102ED800C3FFB8 = {
			isa = PBXGroup;
			children = (
				767D1F5927102ED800C3FFB8 /* HW-4-1 */,
				767D1F5827102ED800C3FFB8 /* Products */,
			);
			sourceTree = "<group>";
		};
		767D1F5827102ED800C3FFB8 /* Products */ = {
			isa = PBXGroup;
			children = (
				767D1F5727102ED800C3FFB8 /* HW-4-1.app */,
			);
			name = Products;
			sourceTree = "<group>";
		};
		767D1F5927102ED800C3FFB8 /* HW-4-1 */ = {
			isa = PBXGroup;
			children = (
				767D1F5A27102ED800C3FFB8 /* AppDelegate.swift */,
				767D1F5C27102ED800C3FFB8 /* SceneDelegate.swift */,
				760CCECF271724730088D9AF /* CustomSectionFooterView */,
				7661F40A273D32170033D6D7 /* ViewController */,
				767D1F7527103F0700C3FFB8 /* Country.swift */,
				767D1F7327103DF100C3FFB8 /* CustomTableViewCell.swift */,
				767D1F6027102ED800C3FFB8 /* Main.storyboard */,
				760E61FB273D272D007BB502 /* Assets.xcassets */,
				767D1F6827102EDB00C3FFB8 /* LaunchScreen.storyboard */,
				767D1F6B27102EDB00C3FFB8 /* Info.plist */,
				767D1F6327102ED800C3FFB8 /* HW_4_1.xcdatamodeld */,
			);
			path = "HW-4-1";
			sourceTree = "<group>";
		};
/* End PBXGroup section */

/* Begin PBXNativeTarget section */
		767D1F5627102ED800C3FFB8 /* HW-4-1 */ = {
			isa = PBXNativeTarget;
			buildConfigurationList = 767D1F6E27102EDB00C3FFB8 /* Build configuration list for PBXNativeTarget "HW-4-1" */;
			buildPhases = (
				767D1F5327102ED800C3FFB8 /* Sources */,
				767D1F5427102ED800C3FFB8 /* Frameworks */,
				767D1F5527102ED800C3FFB8 /* Resources */,
			);
			buildRules = (
			);
			dependencies = (
			);
			name = "HW-4-1";
			productName = "HW-4-1";
			productReference = 767D1F5727102ED800C3FFB8 /* HW-4-1.app */;
			productType = "com.apple.product-type.application";
		};
/* End PBXNativeTarget section */

/* Begin PBXProject section */
		767D1F4F27102ED800C3FFB8 /* Project object */ = {
			isa = PBXProject;
			attributes = {
				BuildIndependentTargetsInParallel = 1;
				LastSwiftUpdateCheck = 1300;
				LastUpgradeCheck = 1300;
				TargetAttributes = {
					767D1F5627102ED800C3FFB8 = {
						CreatedOnToolsVersion = 13.0;
					};
				};
			};
			buildConfigurationList = 767D1F5227102ED800C3FFB8 /* Build configuration list for PBXProject "HW-4-1" */;
			compatibilityVersion = "Xcode 13.0";
			developmentRegion = en;
			hasScannedForEncodings = 0;
			knownRegions = (
				en,
				Base,
			);
			mainGroup = 767D1F4E27102ED800C3FFB8;
			productRefGroup = 767D1F5827102ED800C3FFB8 /* Products */;
			projectDirPath = "";
			projectRoot = "";
			targets = (
				767D1F5627102ED800C3FFB8 /* HW-4-1 */,
			);
		};
/* End PBXProject section */

/* Begin PBXResourcesBuildPhase section */
		767D1F5527102ED800C3FFB8 /* Resources */ = {
			isa = PBXResourcesBuildPhase;
			buildActionMask = 2147483647;
			files = (
				760E61FC273D272D007BB502 /* Assets.xcassets in Resources */,
				767D1F6A27102EDB00C3FFB8 /* LaunchScreen.storyboard in Resources */,
				767D1F6227102ED800C3FFB8 /* Main.storyboard in Resources */,
			);
			runOnlyForDeploymentPostprocessing = 0;
		};
/* End PBXResourcesBuildPhase section */

/* Begin PBXSourcesBuildPhase section */
		767D1F5327102ED800C3FFB8 /* Sources */ = {
			isa = PBXSourcesBuildPhase;
			buildActionMask = 2147483647;
			files = (
				76340EFB27342ADE00407201 /* CountryDetailsViewController.swift in Sources */,
				767D1F7627103F0700C3FFB8 /* Country.swift in Sources */,
				767D1F7427103DF100C3FFB8 /* CustomTableViewCell.swift in Sources */,
				767D1F6527102ED800C3FFB8 /* HW_4_1.xcdatamodeld in Sources */,
				760E61FA273D2099007BB502 /* CustomSectionFooterView.swift in Sources */,
				767D1F5B27102ED800C3FFB8 /* AppDelegate.swift in Sources */,
				767D1F7227102F1A00C3FFB8 /* TableViewController.swift in Sources */,
				767D1F5D27102ED800C3FFB8 /* SceneDelegate.swift in Sources */,
			);
			runOnlyForDeploymentPostprocessing = 0;
		};
/* End PBXSourcesBuildPhase section */

/* Begin PBXVariantGroup section */
		767D1F6027102ED800C3FFB8 /* Main.storyboard */ = {
			isa = PBXVariantGroup;
			children = (
				767D1F6127102ED800C3FFB8 /* Base */,
			);
			name = Main.storyboard;
			sourceTree = "<group>";
		};
		767D1F6827102EDB00C3FFB8 /* LaunchScreen.storyboard */ = {
			isa = PBXVariantGroup;
			children = (
				767D1F6927102EDB00C3FFB8 /* Base */,
			);
			name = LaunchScreen.storyboard;
			sourceTree = "<group>";
		};
/* End PBXVariantGroup section */

/* Begin XCBuildConfiguration section */
		767D1F6C27102EDB00C3FFB8 /* Debug */ = {
			isa = XCBuildConfiguration;
			buildSettings = {
				ALWAYS_SEARCH_USER_PATHS = NO;
				CLANG_ANALYZER_NONNULL = YES;
				CLANG_ANALYZER_NUMBER_OBJECT_CONVERSION = YES_AGGRESSIVE;
				CLANG_CXX_LANGUAGE_STANDARD = "gnu++17";
				CLANG_CXX_LIBRARY = "libc++";
				CLANG_ENABLE_MODULES = YES;
				CLANG_ENABLE_OBJC_ARC = YES;
				CLANG_ENABLE_OBJC_WEAK = YES;
				CLANG_WARN_BLOCK_CAPTURE_AUTORELEASING = YES;
				CLANG_WARN_BOOL_CONVERSION = YES;
				CLANG_WARN_COMMA = YES;
				CLANG_WARN_CONSTANT_CONVERSION = YES;
				CLANG_WARN_DEPRECATED_OBJC_IMPLEMENTATIONS = YES;
				CLANG_WARN_DIRECT_OBJC_ISA_USAGE = YES_ERROR;
				CLANG_WARN_DOCUMENTATION_COMMENTS = YES;
				CLANG_WARN_EMPTY_BODY = YES;
				CLANG_WARN_ENUM_CONVERSION = YES;
				CLANG_WARN_INFINITE_RECURSION = YES;
				CLANG_WARN_INT_CONVERSION = YES;
				CLANG_WARN_NON_LITERAL_NULL_CONVERSION = YES;
				CLANG_WARN_OBJC_IMPLICIT_RETAIN_SELF = YES;
				CLANG_WARN_OBJC_LITERAL_CONVERSION = YES;
				CLANG_WARN_OBJC_ROOT_CLASS = YES_ERROR;
				CLANG_WARN_QUOTED_INCLUDE_IN_FRAMEWORK_HEADER = YES;
				CLANG_WARN_RANGE_LOOP_ANALYSIS = YES;
				CLANG_WARN_STRICT_PROTOTYPES = YES;
				CLANG_WARN_SUSPICIOUS_MOVE = YES;
				CLANG_WARN_UNGUARDED_AVAILABILITY = YES_AGGRESSIVE;
				CLANG_WARN_UNREACHABLE_CODE = YES;
				CLANG_WARN__DUPLICATE_METHOD_MATCH = YES;
				COPY_PHASE_STRIP = NO;
				DEBUG_INFORMATION_FORMAT = dwarf;
				ENABLE_STRICT_OBJC_MSGSEND = YES;
				ENABLE_TESTABILITY = YES;
				GCC_C_LANGUAGE_STANDARD = gnu11;
				GCC_DYNAMIC_NO_PIC = NO;
				GCC_NO_COMMON_BLOCKS = YES;
				GCC_OPTIMIZATION_LEVEL = 0;
				GCC_PREPROCESSOR_DEFINITIONS = (
					"DEBUG=1",
					"$(inherited)",
				);
				GCC_WARN_64_TO_32_BIT_CONVERSION = YES;
				GCC_WARN_ABOUT_RETURN_TYPE = YES_ERROR;
				GCC_WARN_UNDECLARED_SELECTOR = YES;
				GCC_WARN_UNINITIALIZED_AUTOS = YES_AGGRESSIVE;
				GCC_WARN_UNUSED_FUNCTION = YES;
				GCC_WARN_UNUSED_VARIABLE = YES;
				IPHONEOS_DEPLOYMENT_TARGET = 15.0;
				MTL_ENABLE_DEBUG_INFO = INCLUDE_SOURCE;
				MTL_FAST_MATH = YES;
				ONLY_ACTIVE_ARCH = YES;
				SDKROOT = iphoneos;
				SWIFT_ACTIVE_COMPILATION_CONDITIONS = DEBUG;
				SWIFT_OPTIMIZATION_LEVEL = "-Onone";
			};
			name = Debug;
		};
		767D1F6D27102EDB00C3FFB8 /* Release */ = {
			isa = XCBuildConfiguration;
			buildSettings = {
				ALWAYS_SEARCH_USER_PATHS = NO;
				CLANG_ANALYZER_NONNULL = YES;
				CLANG_ANALYZER_NUMBER_OBJECT_CONVERSION = YES_AGGRESSIVE;
				CLANG_CXX_LANGUAGE_STANDARD = "gnu++17";
				CLANG_CXX_LIBRARY = "libc++";
				CLANG_ENABLE_MODULES = YES;
				CLANG_ENABLE_OBJC_ARC = YES;
				CLANG_ENABLE_OBJC_WEAK = YES;
				CLANG_WARN_BLOCK_CAPTURE_AUTORELEASING = YES;
				CLANG_WARN_BOOL_CONVERSION = YES;
				CLANG_WARN_COMMA = YES;
				CLANG_WARN_CONSTANT_CONVERSION = YES;
				CLANG_WARN_DEPRECATED_OBJC_IMPLEMENTATIONS = YES;
				CLANG_WARN_DIRECT_OBJC_ISA_USAGE = YES_ERROR;
				CLANG_WARN_DOCUMENTATION_COMMENTS = YES;
				CLANG_WARN_EMPTY_BODY = YES;
				CLANG_WARN_ENUM_CONVERSION = YES;
				CLANG_WARN_INFINITE_RECURSION = YES;
				CLANG_WARN_INT_CONVERSION = YES;
				CLANG_WARN_NON_LITERAL_NULL_CONVERSION = YES;
				CLANG_WARN_OBJC_IMPLICIT_RETAIN_SELF = YES;
				CLANG_WARN_OBJC_LITERAL_CONVERSION = YES;
				CLANG_WARN_OBJC_ROOT_CLASS = YES_ERROR;
				CLANG_WARN_QUOTED_INCLUDE_IN_FRAMEWORK_HEADER = YES;
				CLANG_WARN_RANGE_LOOP_ANALYSIS = YES;
				CLANG_WARN_STRICT_PROTOTYPES = YES;
				CLANG_WARN_SUSPICIOUS_MOVE = YES;
				CLANG_WARN_UNGUARDED_AVAILABILITY = YES_AGGRESSIVE;
				CLANG_WARN_UNREACHABLE_CODE = YES;
				CLANG_WARN__DUPLICATE_METHOD_MATCH = YES;
				COPY_PHASE_STRIP = NO;
				DEBUG_INFORMATION_FORMAT = "dwarf-with-dsym";
				ENABLE_NS_ASSERTIONS = NO;
				ENABLE_STRICT_OBJC_MSGSEND = YES;
				GCC_C_LANGUAGE_STANDARD = gnu11;
				GCC_NO_COMMON_BLOCKS = YES;
				GCC_WARN_64_TO_32_BIT_CONVERSION = YES;
				GCC_WARN_ABOUT_RETURN_TYPE = YES_ERROR;
				GCC_WARN_UNDECLARED_SELECTOR = YES;
				GCC_WARN_UNINITIALIZED_AUTOS = YES_AGGRESSIVE;
				GCC_WARN_UNUSED_FUNCTION = YES;
				GCC_WARN_UNUSED_VARIABLE = YES;
				IPHONEOS_DEPLOYMENT_TARGET = 15.0;
				MTL_ENABLE_DEBUG_INFO = NO;
				MTL_FAST_MATH = YES;
				SDKROOT = iphoneos;
				SWIFT_COMPILATION_MODE = wholemodule;
				SWIFT_OPTIMIZATION_LEVEL = "-O";
				VALIDATE_PRODUCT = YES;
			};
			name = Release;
		};
		767D1F6F27102EDB00C3FFB8 /* Debug */ = {
			isa = XCBuildConfiguration;
			buildSettings = {
				ASSETCATALOG_COMPILER_APPICON_NAME = AppIcon;
				ASSETCATALOG_COMPILER_GLOBAL_ACCENT_COLOR_NAME = AccentColor;
				CODE_SIGN_STYLE = Automatic;
				CURRENT_PROJECT_VERSION = 1;
				DEVELOPMENT_TEAM = 3NHV6JK8J3;
				GENERATE_INFOPLIST_FILE = YES;
				INFOPLIST_FILE = "HW-4-1/Info.plist";
				INFOPLIST_KEY_UIApplicationSupportsIndirectInputEvents = YES;
				INFOPLIST_KEY_UILaunchStoryboardName = LaunchScreen;
				INFOPLIST_KEY_UIMainStoryboardFile = Main;
				INFOPLIST_KEY_UISupportedInterfaceOrientations_iPad = "UIInterfaceOrientationPortrait UIInterfaceOrientationPortraitUpsideDown UIInterfaceOrientationLandscapeLeft UIInterfaceOrientationLandscapeRight";
				INFOPLIST_KEY_UISupportedInterfaceOrientations_iPhone = "UIInterfaceOrientationPortrait UIInterfaceOrientationLandscapeLeft UIInterfaceOrientationLandscapeRight";
				LD_RUNPATH_SEARCH_PATHS = (
					"$(inherited)",
					"@executable_path/Frameworks",
				);
				MARKETING_VERSION = 1.0;
				PRODUCT_BUNDLE_IDENTIFIER = "Iryna-Mishyna.HW-4-1";
				PRODUCT_NAME = "$(TARGET_NAME)";
				SWIFT_EMIT_LOC_STRINGS = YES;
				SWIFT_VERSION = 5.0;
				TARGETED_DEVICE_FAMILY = "1,2";
			};
			name = Debug;
		};
		767D1F7027102EDB00C3FFB8 /* Release */ = {
			isa = XCBuildConfiguration;
			buildSettings = {
				ASSETCATALOG_COMPILER_APPICON_NAME = AppIcon;
				ASSETCATALOG_COMPILER_GLOBAL_ACCENT_COLOR_NAME = AccentColor;
				CODE_SIGN_STYLE = Automatic;
				CURRENT_PROJECT_VERSION = 1;
				DEVELOPMENT_TEAM = 3NHV6JK8J3;
				GENERATE_INFOPLIST_FILE = YES;
				INFOPLIST_FILE = "HW-4-1/Info.plist";
				INFOPLIST_KEY_UIApplicationSupportsIndirectInputEvents = YES;
				INFOPLIST_KEY_UILaunchStoryboardName = LaunchScreen;
				INFOPLIST_KEY_UIMainStoryboardFile = Main;
				INFOPLIST_KEY_UISupportedInterfaceOrientations_iPad = "UIInterfaceOrientationPortrait UIInterfaceOrientationPortraitUpsideDown UIInterfaceOrientationLandscapeLeft UIInterfaceOrientationLandscapeRight";
				INFOPLIST_KEY_UISupportedInterfaceOrientations_iPhone = "UIInterfaceOrientationPortrait UIInterfaceOrientationLandscapeLeft UIInterfaceOrientationLandscapeRight";
				LD_RUNPATH_SEARCH_PATHS = (
					"$(inherited)",
					"@executable_path/Frameworks",
				);
				MARKETING_VERSION = 1.0;
				PRODUCT_BUNDLE_IDENTIFIER = "Iryna-Mishyna.HW-4-1";
				PRODUCT_NAME = "$(TARGET_NAME)";
				SWIFT_EMIT_LOC_STRINGS = YES;
				SWIFT_VERSION = 5.0;
				TARGETED_DEVICE_FAMILY = "1,2";
			};
			name = Release;
		};
/* End XCBuildConfiguration section */

/* Begin XCConfigurationList section */
		767D1F5227102ED800C3FFB8 /* Build configuration list for PBXProject "HW-4-1" */ = {
			isa = XCConfigurationList;
			buildConfigurations = (
				767D1F6C27102EDB00C3FFB8 /* Debug */,
				767D1F6D27102EDB00C3FFB8 /* Release */,
			);
			defaultConfigurationIsVisible = 0;
			defaultConfigurationName = Release;
		};
		767D1F6E27102EDB00C3FFB8 /* Build configuration list for PBXNativeTarget "HW-4-1" */ = {
			isa = XCConfigurationList;
			buildConfigurations = (
				767D1F6F27102EDB00C3FFB8 /* Debug */,
				767D1F7027102EDB00C3FFB8 /* Release */,
			);
			defaultConfigurationIsVisible = 0;
			defaultConfigurationName = Release;
		};
/* End XCConfigurationList section */

/* Begin XCVersionGroup section */
		767D1F6327102ED800C3FFB8 /* HW_4_1.xcdatamodeld */ = {
			isa = XCVersionGroup;
			children = (
				767D1F6427102ED800C3FFB8 /* HW_4_1.xcdatamodel */,
			);
			currentVersion = 767D1F6427102ED800C3FFB8 /* HW_4_1.xcdatamodel */;
			path = HW_4_1.xcdatamodeld;
			sourceTree = "<group>";
			versionGroupType = wrapper.xcdatamodel;
		};
/* End XCVersionGroup section */
	};
	rootObject = 767D1F4F27102ED800C3FFB8 /* Project object */;
}
